// !$*UTF8*$!
{
	archiveVersion = 1;
	classes = {
	};
	objectVersion = 56;
	objects = {

/* Begin PBXBuildFile section */
		134133292ACE34F40095C055 /* emoji_loverApp.swift in Sources */ = {isa = PBXBuildFile; fileRef = 134133282ACE34F40095C055 /* emoji_loverApp.swift */; };
		1341332B2ACE34F40095C055 /* ContentView.swift in Sources */ = {isa = PBXBuildFile; fileRef = 1341332A2ACE34F40095C055 /* ContentView.swift */; };
		1341332D2ACE34F60095C055 /* Assets.xcassets in Resources */ = {isa = PBXBuildFile; fileRef = 1341332C2ACE34F60095C055 /* Assets.xcassets */; };
		134133312ACE34F60095C055 /* Preview Assets.xcassets in Resources */ = {isa = PBXBuildFile; fileRef = 134133302ACE34F60095C055 /* Preview Assets.xcassets */; };
		1341333B2ACE34F60095C055 /* emoji_loverTests.swift in Sources */ = {isa = PBXBuildFile; fileRef = 1341333A2ACE34F60095C055 /* emoji_loverTests.swift */; };
		134133452ACE34F60095C055 /* emoji_loverUITests.swift in Sources */ = {isa = PBXBuildFile; fileRef = 134133442ACE34F60095C055 /* emoji_loverUITests.swift */; };
		134133472ACE34F60095C055 /* emoji_loverUITestsLaunchTests.swift in Sources */ = {isa = PBXBuildFile; fileRef = 134133462ACE34F60095C055 /* emoji_loverUITestsLaunchTests.swift */; };
/* End PBXBuildFile section */

/* Begin PBXContainerItemProxy section */
		134133372ACE34F60095C055 /* PBXContainerItemProxy */ = {
			isa = PBXContainerItemProxy;
			containerPortal = 1341331D2ACE34F40095C055 /* Project object */;
			proxyType = 1;
			remoteGlobalIDString = 134133242ACE34F40095C055;
			remoteInfo = emoji_lover;
		};
		134133412ACE34F60095C055 /* PBXContainerItemProxy */ = {
			isa = PBXContainerItemProxy;
			containerPortal = 1341331D2ACE34F40095C055 /* Project object */;
			proxyType = 1;
			remoteGlobalIDString = 134133242ACE34F40095C055;
			remoteInfo = emoji_lover;
		};
/* End PBXContainerItemProxy section */

/* Begin PBXFileReference section */
		134133252ACE34F40095C055 /* emoji_lover.app */ = {isa = PBXFileReference; explicitFileType = wrapper.application; includeInIndex = 0; path = emoji_lover.app; sourceTree = BUILT_PRODUCTS_DIR; };
		134133282ACE34F40095C055 /* emoji_loverApp.swift */ = {isa = PBXFileReference; lastKnownFileType = sourcecode.swift; path = emoji_loverApp.swift; sourceTree = "<group>"; };
		1341332A2ACE34F40095C055 /* ContentView.swift */ = {isa = PBXFileReference; lastKnownFileType = sourcecode.swift; path = ContentView.swift; sourceTree = "<group>"; };
		1341332C2ACE34F60095C055 /* Assets.xcassets */ = {isa = PBXFileReference; lastKnownFileType = folder.assetcatalog; path = Assets.xcassets; sourceTree = "<group>"; };
		1341332E2ACE34F60095C055 /* emoji_lover.entitlements */ = {isa = PBXFileReference; lastKnownFileType = text.plist.entitlements; path = emoji_lover.entitlements; sourceTree = "<group>"; };
		134133302ACE34F60095C055 /* Preview Assets.xcassets */ = {isa = PBXFileReference; lastKnownFileType = folder.assetcatalog; path = "Preview Assets.xcassets"; sourceTree = "<group>"; };
		134133362ACE34F60095C055 /* emoji_loverTests.xctest */ = {isa = PBXFileReference; explicitFileType = wrapper.cfbundle; includeInIndex = 0; path = emoji_loverTests.xctest; sourceTree = BUILT_PRODUCTS_DIR; };
		1341333A2ACE34F60095C055 /* emoji_loverTests.swift */ = {isa = PBXFileReference; lastKnownFileType = sourcecode.swift; path = emoji_loverTests.swift; sourceTree = "<group>"; };
		134133402ACE34F60095C055 /* emoji_loverUITests.xctest */ = {isa = PBXFileReference; explicitFileType = wrapper.cfbundle; includeInIndex = 0; path = emoji_loverUITests.xctest; sourceTree = BUILT_PRODUCTS_DIR; };
		134133442ACE34F60095C055 /* emoji_loverUITests.swift */ = {isa = PBXFileReference; lastKnownFileType = sourcecode.swift; path = emoji_loverUITests.swift; sourceTree = "<group>"; };
		134133462ACE34F60095C055 /* emoji_loverUITestsLaunchTests.swift */ = {isa = PBXFileReference; lastKnownFileType = sourcecode.swift; path = emoji_loverUITestsLaunchTests.swift; sourceTree = "<group>"; };
/* End PBXFileReference section */

/* Begin PBXFrameworksBuildPhase section */
		134133222ACE34F40095C055 /* Frameworks */ = {
			isa = PBXFrameworksBuildPhase;
			buildActionMask = 2147483647;
			files = (
			);
			runOnlyForDeploymentPostprocessing = 0;
		};
		134133332ACE34F60095C055 /* Frameworks */ = {
			isa = PBXFrameworksBuildPhase;
			buildActionMask = 2147483647;
			files = (
			);
			runOnlyForDeploymentPostprocessing = 0;
		};
		1341333D2ACE34F60095C055 /* Frameworks */ = {
			isa = PBXFrameworksBuildPhase;
			buildActionMask = 2147483647;
			files = (
			);
			runOnlyForDeploymentPostprocessing = 0;
		};
/* End PBXFrameworksBuildPhase section */

/* Begin PBXGroup section */
		1341331C2ACE34F40095C055 = {
			isa = PBXGroup;
			children = (
				134133272ACE34F40095C055 /* emoji_lover */,
				134133392ACE34F60095C055 /* emoji_loverTests */,
				134133432ACE34F60095C055 /* emoji_loverUITests */,
				134133262ACE34F40095C055 /* Products */,
			);
			sourceTree = "<group>";
		};
		134133262ACE34F40095C055 /* Products */ = {
			isa = PBXGroup;
			children = (
				134133252ACE34F40095C055 /* emoji_lover.app */,
				134133362ACE34F60095C055 /* emoji_loverTests.xctest */,
				134133402ACE34F60095C055 /* emoji_loverUITests.xctest */,
			);
			name = Products;
			sourceTree = "<group>";
		};
		134133272ACE34F40095C055 /* emoji_lover */ = {
			isa = PBXGroup;
			children = (
				134133282ACE34F40095C055 /* emoji_loverApp.swift */,
				1341332A2ACE34F40095C055 /* ContentView.swift */,
				1341332C2ACE34F60095C055 /* Assets.xcassets */,
				1341332E2ACE34F60095C055 /* emoji_lover.entitlements */,
				1341332F2ACE34F60095C055 /* Preview Content */,
			);
			path = emoji_lover;
			sourceTree = "<group>";
		};
		1341332F2ACE34F60095C055 /* Preview Content */ = {
			isa = PBXGroup;
			children = (
				134133302ACE34F60095C055 /* Preview Assets.xcassets */,
			);
			path = "Preview Content";
			sourceTree = "<group>";
		};
		134133392ACE34F60095C055 /* emoji_loverTests */ = {
			isa = PBXGroup;
			children = (
				1341333A2ACE34F60095C055 /* emoji_loverTests.swift */,
			);
			path = emoji_loverTests;
			sourceTree = "<group>";
		};
		134133432ACE34F60095C055 /* emoji_loverUITests */ = {
			isa = PBXGroup;
			children = (
				134133442ACE34F60095C055 /* emoji_loverUITests.swift */,
				134133462ACE34F60095C055 /* emoji_loverUITestsLaunchTests.swift */,
			);
			path = emoji_loverUITests;
			sourceTree = "<group>";
		};
/* End PBXGroup section */

/* Begin PBXNativeTarget section */
		134133242ACE34F40095C055 /* emoji_lover */ = {
			isa = PBXNativeTarget;
			buildConfigurationList = 1341334A2ACE34F60095C055 /* Build configuration list for PBXNativeTarget "emoji_lover" */;
			buildPhases = (
				134133212ACE34F40095C055 /* Sources */,
				134133222ACE34F40095C055 /* Frameworks */,
				134133232ACE34F40095C055 /* Resources */,
			);
			buildRules = (
			);
			dependencies = (
			);
			name = emoji_lover;
			productName = emoji_lover;
			productReference = 134133252ACE34F40095C055 /* emoji_lover.app */;
			productType = "com.apple.product-type.application";
		};
		134133352ACE34F60095C055 /* emoji_loverTests */ = {
			isa = PBXNativeTarget;
			buildConfigurationList = 1341334D2ACE34F60095C055 /* Build configuration list for PBXNativeTarget "emoji_loverTests" */;
			buildPhases = (
				134133322ACE34F60095C055 /* Sources */,
				134133332ACE34F60095C055 /* Frameworks */,
				134133342ACE34F60095C055 /* Resources */,
			);
			buildRules = (
			);
			dependencies = (
				134133382ACE34F60095C055 /* PBXTargetDependency */,
			);
			name = emoji_loverTests;
			productName = emoji_loverTests;
			productReference = 134133362ACE34F60095C055 /* emoji_loverTests.xctest */;
			productType = "com.apple.product-type.bundle.unit-test";
		};
		1341333F2ACE34F60095C055 /* emoji_loverUITests */ = {
			isa = PBXNativeTarget;
			buildConfigurationList = 134133502ACE34F60095C055 /* Build configuration list for PBXNativeTarget "emoji_loverUITests" */;
			buildPhases = (
				1341333C2ACE34F60095C055 /* Sources */,
				1341333D2ACE34F60095C055 /* Frameworks */,
				1341333E2ACE34F60095C055 /* Resources */,
			);
			buildRules = (
			);
			dependencies = (
				134133422ACE34F60095C055 /* PBXTargetDependency */,
			);
			name = emoji_loverUITests;
			productName = emoji_loverUITests;
			productReference = 134133402ACE34F60095C055 /* emoji_loverUITests.xctest */;
			productType = "com.apple.product-type.bundle.ui-testing";
		};
/* End PBXNativeTarget section */

/* Begin PBXProject section */
		1341331D2ACE34F40095C055 /* Project object */ = {
			isa = PBXProject;
			attributes = {
				BuildIndependentTargetsInParallel = 1;
				LastSwiftUpdateCheck = 1430;
				LastUpgradeCheck = 1430;
				TargetAttributes = {
					134133242ACE34F40095C055 = {
						CreatedOnToolsVersion = 14.3.1;
					};
					134133352ACE34F60095C055 = {
						CreatedOnToolsVersion = 14.3.1;
						TestTargetID = 134133242ACE34F40095C055;
					};
					1341333F2ACE34F60095C055 = {
						CreatedOnToolsVersion = 14.3.1;
						TestTargetID = 134133242ACE34F40095C055;
					};
				};
			};
			buildConfigurationList = 134133202ACE34F40095C055 /* Build configuration list for PBXProject "emoji_lover" */;
			compatibilityVersion = "Xcode 14.0";
			developmentRegion = en;
			hasScannedForEncodings = 0;
			knownRegions = (
				en,
				Base,
			);
			mainGroup = 1341331C2ACE34F40095C055;
			productRefGroup = 134133262ACE34F40095C055 /* Products */;
			projectDirPath = "";
			projectRoot = "";
			targets = (
				134133242ACE34F40095C055 /* emoji_lover */,
				134133352ACE34F60095C055 /* emoji_loverTests */,
				1341333F2ACE34F60095C055 /* emoji_loverUITests */,
			);
		};
/* End PBXProject section */

/* Begin PBXResourcesBuildPhase section */
		134133232ACE34F40095C055 /* Resources */ = {
			isa = PBXResourcesBuildPhase;
			buildActionMask = 2147483647;
			files = (
				134133312ACE34F60095C055 /* Preview Assets.xcassets in Resources */,
				1341332D2ACE34F60095C055 /* Assets.xcassets in Resources */,
			);
			runOnlyForDeploymentPostprocessing = 0;
		};
		134133342ACE34F60095C055 /* Resources */ = {
			isa = PBXResourcesBuildPhase;
			buildActionMask = 2147483647;
			files = (
			);
			runOnlyForDeploymentPostprocessing = 0;
		};
		1341333E2ACE34F60095C055 /* Resources */ = {
			isa = PBXResourcesBuildPhase;
			buildActionMask = 2147483647;
			files = (
			);
			runOnlyForDeploymentPostprocessing = 0;
		};
/* End PBXResourcesBuildPhase section */

/* Begin PBXSourcesBuildPhase section */
		134133212ACE34F40095C055 /* Sources */ = {
			isa = PBXSourcesBuildPhase;
			buildActionMask = 2147483647;
			files = (
				1341332B2ACE34F40095C055 /* ContentView.swift in Sources */,
				134133292ACE34F40095C055 /* emoji_loverApp.swift in Sources */,
			);
			runOnlyForDeploymentPostprocessing = 0;
		};
		134133322ACE34F60095C055 /* Sources */ = {
			isa = PBXSourcesBuildPhase;
			buildActionMask = 2147483647;
			files = (
				1341333B2ACE34F60095C055 /* emoji_loverTests.swift in Sources */,
			);
			runOnlyForDeploymentPostprocessing = 0;
		};
		1341333C2ACE34F60095C055 /* Sources */ = {
			isa = PBXSourcesBuildPhase;
			buildActionMask = 2147483647;
			files = (
				134133472ACE34F60095C055 /* emoji_loverUITestsLaunchTests.swift in Sources */,
				134133452ACE34F60095C055 /* emoji_loverUITests.swift in Sources */,
			);
			runOnlyForDeploymentPostprocessing = 0;
		};
/* End PBXSourcesBuildPhase section */

/* Begin PBXTargetDependency section */
		134133382ACE34F60095C055 /* PBXTargetDependency */ = {
			isa = PBXTargetDependency;
			target = 134133242ACE34F40095C055 /* emoji_lover */;
			targetProxy = 134133372ACE34F60095C055 /* PBXContainerItemProxy */;
		};
		134133422ACE34F60095C055 /* PBXTargetDependency */ = {
			isa = PBXTargetDependency;
			target = 134133242ACE34F40095C055 /* emoji_lover */;
			targetProxy = 134133412ACE34F60095C055 /* PBXContainerItemProxy */;
		};
/* End PBXTargetDependency section */

/* Begin XCBuildConfiguration section */
		134133482ACE34F60095C055 /* Debug */ = {
			isa = XCBuildConfiguration;
			buildSettings = {
				ALWAYS_SEARCH_USER_PATHS = NO;
				CLANG_ANALYZER_NONNULL = YES;
				CLANG_ANALYZER_NUMBER_OBJECT_CONVERSION = YES_AGGRESSIVE;
				CLANG_CXX_LANGUAGE_STANDARD = "gnu++20";
				CLANG_ENABLE_MODULES = YES;
				CLANG_ENABLE_OBJC_ARC = YES;
				CLANG_ENABLE_OBJC_WEAK = YES;
				CLANG_WARN_BLOCK_CAPTURE_AUTORELEASING = YES;
				CLANG_WARN_BOOL_CONVERSION = YES;
				CLANG_WARN_COMMA = YES;
				CLANG_WARN_CONSTANT_CONVERSION = YES;
				CLANG_WARN_DEPRECATED_OBJC_IMPLEMENTATIONS = YES;
				CLANG_WARN_DIRECT_OBJC_ISA_USAGE = YES_ERROR;
				CLANG_WARN_DOCUMENTATION_COMMENTS = YES;
				CLANG_WARN_EMPTY_BODY = YES;
				CLANG_WARN_ENUM_CONVERSION = YES;
				CLANG_WARN_INFINITE_RECURSION = YES;
				CLANG_WARN_INT_CONVERSION = YES;
				CLANG_WARN_NON_LITERAL_NULL_CONVERSION = YES;
				CLANG_WARN_OBJC_IMPLICIT_RETAIN_SELF = YES;
				CLANG_WARN_OBJC_LITERAL_CONVERSION = YES;
				CLANG_WARN_OBJC_ROOT_CLASS = YES_ERROR;
				CLANG_WARN_QUOTED_INCLUDE_IN_FRAMEWORK_HEADER = YES;
				CLANG_WARN_RANGE_LOOP_ANALYSIS = YES;
				CLANG_WARN_STRICT_PROTOTYPES = YES;
				CLANG_WARN_SUSPICIOUS_MOVE = YES;
				CLANG_WARN_UNGUARDED_AVAILABILITY = YES_AGGRESSIVE;
				CLANG_WARN_UNREACHABLE_CODE = YES;
				CLANG_WARN__DUPLICATE_METHOD_MATCH = YES;
				COPY_PHASE_STRIP = NO;
				DEBUG_INFORMATION_FORMAT = dwarf;
				ENABLE_STRICT_OBJC_MSGSEND = YES;
				ENABLE_TESTABILITY = YES;
				GCC_C_LANGUAGE_STANDARD = gnu11;
				GCC_DYNAMIC_NO_PIC = NO;
				GCC_NO_COMMON_BLOCKS = YES;
				GCC_OPTIMIZATION_LEVEL = 0;
				GCC_PREPROCESSOR_DEFINITIONS = (
					"DEBUG=1",
					"$(inherited)",
				);
				GCC_WARN_64_TO_32_BIT_CONVERSION = YES;
				GCC_WARN_ABOUT_RETURN_TYPE = YES_ERROR;
				GCC_WARN_UNDECLARED_SELECTOR = YES;
				GCC_WARN_UNINITIALIZED_AUTOS = YES_AGGRESSIVE;
				GCC_WARN_UNUSED_FUNCTION = YES;
				GCC_WARN_UNUSED_VARIABLE = YES;
				MTL_ENABLE_DEBUG_INFO = INCLUDE_SOURCE;
				MTL_FAST_MATH = YES;
				ONLY_ACTIVE_ARCH = YES;
				SWIFT_ACTIVE_COMPILATION_CONDITIONS = DEBUG;
				SWIFT_OPTIMIZATION_LEVEL = "-Onone";
			};
			name = Debug;
		};
		134133492ACE34F60095C055 /* Release */ = {
			isa = XCBuildConfiguration;
			buildSettings = {
				ALWAYS_SEARCH_USER_PATHS = NO;
				CLANG_ANALYZER_NONNULL = YES;
				CLANG_ANALYZER_NUMBER_OBJECT_CONVERSION = YES_AGGRESSIVE;
				CLANG_CXX_LANGUAGE_STANDARD = "gnu++20";
				CLANG_ENABLE_MODULES = YES;
				CLANG_ENABLE_OBJC_ARC = YES;
				CLANG_ENABLE_OBJC_WEAK = YES;
				CLANG_WARN_BLOCK_CAPTURE_AUTORELEASING = YES;
				CLANG_WARN_BOOL_CONVERSION = YES;
				CLANG_WARN_COMMA = YES;
				CLANG_WARN_CONSTANT_CONVERSION = YES;
				CLANG_WARN_DEPRECATED_OBJC_IMPLEMENTATIONS = YES;
				CLANG_WARN_DIRECT_OBJC_ISA_USAGE = YES_ERROR;
				CLANG_WARN_DOCUMENTATION_COMMENTS = YES;
				CLANG_WARN_EMPTY_BODY = YES;
				CLANG_WARN_ENUM_CONVERSION = YES;
				CLANG_WARN_INFINITE_RECURSION = YES;
				CLANG_WARN_INT_CONVERSION = YES;
				CLANG_WARN_NON_LITERAL_NULL_CONVERSION = YES;
				CLANG_WARN_OBJC_IMPLICIT_RETAIN_SELF = YES;
				CLANG_WARN_OBJC_LITERAL_CONVERSION = YES;
				CLANG_WARN_OBJC_ROOT_CLASS = YES_ERROR;
				CLANG_WARN_QUOTED_INCLUDE_IN_FRAMEWORK_HEADER = YES;
				CLANG_WARN_RANGE_LOOP_ANALYSIS = YES;
				CLANG_WARN_STRICT_PROTOTYPES = YES;
				CLANG_WARN_SUSPICIOUS_MOVE = YES;
				CLANG_WARN_UNGUARDED_AVAILABILITY = YES_AGGRESSIVE;
				CLANG_WARN_UNREACHABLE_CODE = YES;
				CLANG_WARN__DUPLICATE_METHOD_MATCH = YES;
				COPY_PHASE_STRIP = NO;
				DEBUG_INFORMATION_FORMAT = "dwarf-with-dsym";
				ENABLE_NS_ASSERTIONS = NO;
				ENABLE_STRICT_OBJC_MSGSEND = YES;
				GCC_C_LANGUAGE_STANDARD = gnu11;
				GCC_NO_COMMON_BLOCKS = YES;
				GCC_WARN_64_TO_32_BIT_CONVERSION = YES;
				GCC_WARN_ABOUT_RETURN_TYPE = YES_ERROR;
				GCC_WARN_UNDECLARED_SELECTOR = YES;
				GCC_WARN_UNINITIALIZED_AUTOS = YES_AGGRESSIVE;
				GCC_WARN_UNUSED_FUNCTION = YES;
				GCC_WARN_UNUSED_VARIABLE = YES;
				MTL_ENABLE_DEBUG_INFO = NO;
				MTL_FAST_MATH = YES;
				SWIFT_COMPILATION_MODE = wholemodule;
				SWIFT_OPTIMIZATION_LEVEL = "-O";
			};
			name = Release;
		};
		1341334B2ACE34F60095C055 /* Debug */ = {
			isa = XCBuildConfiguration;
			buildSettings = {
				ASSETCATALOG_COMPILER_APPICON_NAME = AppIcon;
				ASSETCATALOG_COMPILER_GLOBAL_ACCENT_COLOR_NAME = AccentColor;
				CODE_SIGN_ENTITLEMENTS = emoji_lover/emoji_lover.entitlements;
				CODE_SIGN_STYLE = Automatic;
				CURRENT_PROJECT_VERSION = 1;
				DEVELOPMENT_ASSET_PATHS = "\"emoji_lover/Preview Content\"";
				DEVELOPMENT_TEAM = 5LSP2G5N8U;
				ENABLE_HARDENED_RUNTIME = YES;
				ENABLE_PREVIEWS = YES;
				GENERATE_INFOPLIST_FILE = YES;
				"INFOPLIST_KEY_UIApplicationSceneManifest_Generation[sdk=iphoneos*]" = YES;
				"INFOPLIST_KEY_UIApplicationSceneManifest_Generation[sdk=iphonesimulator*]" = YES;
				"INFOPLIST_KEY_UIApplicationSupportsIndirectInputEvents[sdk=iphoneos*]" = YES;
				"INFOPLIST_KEY_UIApplicationSupportsIndirectInputEvents[sdk=iphonesimulator*]" = YES;
				"INFOPLIST_KEY_UILaunchScreen_Generation[sdk=iphoneos*]" = YES;
				"INFOPLIST_KEY_UILaunchScreen_Generation[sdk=iphonesimulator*]" = YES;
				"INFOPLIST_KEY_UIStatusBarStyle[sdk=iphoneos*]" = UIStatusBarStyleDefault;
				"INFOPLIST_KEY_UIStatusBarStyle[sdk=iphonesimulator*]" = UIStatusBarStyleDefault;
				INFOPLIST_KEY_UISupportedInterfaceOrientations_iPad = "UIInterfaceOrientationPortrait UIInterfaceOrientationPortraitUpsideDown UIInterfaceOrientationLandscapeLeft UIInterfaceOrientationLandscapeRight";
				INFOPLIST_KEY_UISupportedInterfaceOrientations_iPhone = "UIInterfaceOrientationPortrait UIInterfaceOrientationLandscapeLeft UIInterfaceOrientationLandscapeRight";
				IPHONEOS_DEPLOYMENT_TARGET = 16.4;
				LD_RUNPATH_SEARCH_PATHS = "@executable_path/Frameworks";
				"LD_RUNPATH_SEARCH_PATHS[sdk=macosx*]" = "@executable_path/../Frameworks";
				MACOSX_DEPLOYMENT_TARGET = 13.3;
				MARKETING_VERSION = 1.0;
				PRODUCT_BUNDLE_IDENTIFIER = "myself.emoji-lover";
				PRODUCT_NAME = "$(TARGET_NAME)";
				SDKROOT = auto;
				SUPPORTED_PLATFORMS = "iphoneos iphonesimulator macosx";
				SWIFT_EMIT_LOC_STRINGS = YES;
				SWIFT_VERSION = 5.0;
				TARGETED_DEVICE_FAMILY = "1,2";
			};
			name = Debug;
		};
		1341334C2ACE34F60095C055 /* Release */ = {
			isa = XCBuildConfiguration;
			buildSettings = {
				ASSETCATALOG_COMPILER_APPICON_NAME = AppIcon;
				ASSETCATALOG_COMPILER_GLOBAL_ACCENT_COLOR_NAME = AccentColor;
				CODE_SIGN_ENTITLEMENTS = emoji_lover/emoji_lover.entitlements;
				CODE_SIGN_STYLE = Automatic;
				CURRENT_PROJECT_VERSION = 1;
				DEVELOPMENT_ASSET_PATHS = "\"emoji_lover/Preview Content\"";
				DEVELOPMENT_TEAM = 5LSP2G5N8U;
				ENABLE_HARDENED_RUNTIME = YES;
				ENABLE_PREVIEWS = YES;
				GENERATE_INFOPLIST_FILE = YES;
				"INFOPLIST_KEY_UIApplicationSceneManifest_Generation[sdk=iphoneos*]" = YES;
				"INFOPLIST_KEY_UIApplicationSceneManifest_Generation[sdk=iphonesimulator*]" = YES;
				"INFOPLIST_KEY_UIApplicationSupportsIndirectInputEvents[sdk=iphoneos*]" = YES;
				"INFOPLIST_KEY_UIApplicationSupportsIndirectInputEvents[sdk=iphonesimulator*]" = YES;
				"INFOPLIST_KEY_UILaunchScreen_Generation[sdk=iphoneos*]" = YES;
				"INFOPLIST_KEY_UILaunchScreen_Generation[sdk=iphonesimulator*]" = YES;
				"INFOPLIST_KEY_UIStatusBarStyle[sdk=iphoneos*]" = UIStatusBarStyleDefault;
				"INFOPLIST_KEY_UIStatusBarStyle[sdk=iphonesimulator*]" = UIStatusBarStyleDefault;
				INFOPLIST_KEY_UISupportedInterfaceOrientations_iPad = "UIInterfaceOrientationPortrait UIInterfaceOrientationPortraitUpsideDown UIInterfaceOrientationLandscapeLeft UIInterfaceOrientationLandscapeRight";
				INFOPLIST_KEY_UISupportedInterfaceOrientations_iPhone = "UIInterfaceOrientationPortrait UIInterfaceOrientationLandscapeLeft UIInterfaceOrientationLandscapeRight";
				IPHONEOS_DEPLOYMENT_TARGET = 16.4;
				LD_RUNPATH_SEARCH_PATHS = "@executable_path/Frameworks";
				"LD_RUNPATH_SEARCH_PATHS[sdk=macosx*]" = "@executable_path/../Frameworks";
				MACOSX_DEPLOYMENT_TARGET = 13.3;
				MARKETING_VERSION = 1.0;
				PRODUCT_BUNDLE_IDENTIFIER = "myself.emoji-lover";
				PRODUCT_NAME = "$(TARGET_NAME)";
				SDKROOT = auto;
				SUPPORTED_PLATFORMS = "iphoneos iphonesimulator macosx";
				SWIFT_EMIT_LOC_STRINGS = YES;
				SWIFT_VERSION = 5.0;
				TARGETED_DEVICE_FAMILY = "1,2";
			};
			name = Release;
		};
		1341334E2ACE34F60095C055 /* Debug */ = {
			isa = XCBuildConfiguration;
			buildSettings = {
				ALWAYS_EMBED_SWIFT_STANDARD_LIBRARIES = YES;
				BUNDLE_LOADER = "$(TEST_HOST)";
				CODE_SIGN_STYLE = Automatic;
				CURRENT_PROJECT_VERSION = 1;
				DEVELOPMENT_TEAM = 5LSP2G5N8U;
				GENERATE_INFOPLIST_FILE = YES;
				IPHONEOS_DEPLOYMENT_TARGET = 16.4;
				MACOSX_DEPLOYMENT_TARGET = 13.3;
				MARKETING_VERSION = 1.0;
				PRODUCT_BUNDLE_IDENTIFIER = "myself.emoji-loverTests";
				PRODUCT_NAME = "$(TARGET_NAME)";
				SDKROOT = auto;
				SUPPORTED_PLATFORMS = "iphoneos iphonesimulator macosx";
				SWIFT_EMIT_LOC_STRINGS = NO;
				SWIFT_VERSION = 5.0;
				TARGETED_DEVICE_FAMILY = "1,2";
				TEST_HOST = "$(BUILT_PRODUCTS_DIR)/emoji_lover.app/$(BUNDLE_EXECUTABLE_FOLDER_PATH)/emoji_lover";
			};
			name = Debug;
		};
		1341334F2ACE34F60095C055 /* Release */ = {
			isa = XCBuildConfiguration;
			buildSettings = {
				ALWAYS_EMBED_SWIFT_STANDARD_LIBRARIES = YES;
				BUNDLE_LOADER = "$(TEST_HOST)";
				CODE_SIGN_STYLE = Automatic;
				CURRENT_PROJECT_VERSION = 1;
				DEVELOPMENT_TEAM = 5LSP2G5N8U;
				GENERATE_INFOPLIST_FILE = YES;
				IPHONEOS_DEPLOYMENT_TARGET = 16.4;
				MACOSX_DEPLOYMENT_TARGET = 13.3;
				MARKETING_VERSION = 1.0;
				PRODUCT_BUNDLE_IDENTIFIER = "myself.emoji-loverTests";
				PRODUCT_NAME = "$(TARGET_NAME)";
				SDKROOT = auto;
				SUPPORTED_PLATFORMS = "iphoneos iphonesimulator macosx";
				SWIFT_EMIT_LOC_STRINGS = NO;
				SWIFT_VERSION = 5.0;
				TARGETED_DEVICE_FAMILY = "1,2";
				TEST_HOST = "$(BUILT_PRODUCTS_DIR)/emoji_lover.app/$(BUNDLE_EXECUTABLE_FOLDER_PATH)/emoji_lover";
			};
			name = Release;
		};
		134133512ACE34F60095C055 /* Debug */ = {
			isa = XCBuildConfiguration;
			buildSettings = {
				ALWAYS_EMBED_SWIFT_STANDARD_LIBRARIES = YES;
				CODE_SIGN_STYLE = Automatic;
				CURRENT_PROJECT_VERSION = 1;
				DEVELOPMENT_TEAM = 5LSP2G5N8U;
				GENERATE_INFOPLIST_FILE = YES;
				IPHONEOS_DEPLOYMENT_TARGET = 16.4;
				MACOSX_DEPLOYMENT_TARGET = 13.3;
				MARKETING_VERSION = 1.0;
				PRODUCT_BUNDLE_IDENTIFIER = "myself.emoji-loverUITests";
				PRODUCT_NAME = "$(TARGET_NAME)";
				SDKROOT = auto;
				SUPPORTED_PLATFORMS = "iphoneos iphonesimulator macosx";
				SWIFT_EMIT_LOC_STRINGS = NO;
				SWIFT_VERSION = 5.0;
				TARGETED_DEVICE_FAMILY = "1,2";
				TEST_TARGET_NAME = emoji_lover;
			};
			name = Debug;
		};
		134133522ACE34F60095C055 /* Release */ = {
			isa = XCBuildConfiguration;
			buildSettings = {
				ALWAYS_EMBED_SWIFT_STANDARD_LIBRARIES = YES;
				CODE_SIGN_STYLE = Automatic;
				CURRENT_PROJECT_VERSION = 1;
				DEVELOPMENT_TEAM = 5LSP2G5N8U;
				GENERATE_INFOPLIST_FILE = YES;
				IPHONEOS_DEPLOYMENT_TARGET = 16.4;
				MACOSX_DEPLOYMENT_TARGET = 13.3;
				MARKETING_VERSION = 1.0;
				PRODUCT_BUNDLE_IDENTIFIER = "myself.emoji-loverUITests";
				PRODUCT_NAME = "$(TARGET_NAME)";
				SDKROOT = auto;
				SUPPORTED_PLATFORMS = "iphoneos iphonesimulator macosx";
				SWIFT_EMIT_LOC_STRINGS = NO;
				SWIFT_VERSION = 5.0;
				TARGETED_DEVICE_FAMILY = "1,2";
				TEST_TARGET_NAME = emoji_lover;
			};
			name = Release;
		};
/* End XCBuildConfiguration section */

/* Begin XCConfigurationList section */
		134133202ACE34F40095C055 /* Build configuration list for PBXProject "emoji_lover" */ = {
			isa = XCConfigurationList;
			buildConfigurations = (
				134133482ACE34F60095C055 /* Debug */,
				134133492ACE34F60095C055 /* Release */,
			);
			defaultConfigurationIsVisible = 0;
			defaultConfigurationName = Release;
		};
		1341334A2ACE34F60095C055 /* Build configuration list for PBXNativeTarget "emoji_lover" */ = {
			isa = XCConfigurationList;
			buildConfigurations = (
				1341334B2ACE34F60095C055 /* Debug */,
				1341334C2ACE34F60095C055 /* Release */,
			);
			defaultConfigurationIsVisible = 0;
			defaultConfigurationName = Release;
		};
		1341334D2ACE34F60095C055 /* Build configuration list for PBXNativeTarget "emoji_loverTests" */ = {
			isa = XCConfigurationList;
			buildConfigurations = (
				1341334E2ACE34F60095C055 /* Debug */,
				1341334F2ACE34F60095C055 /* Release */,
			);
			defaultConfigurationIsVisible = 0;
			defaultConfigurationName = Release;
		};
		134133502ACE34F60095C055 /* Build configuration list for PBXNativeTarget "emoji_loverUITests" */ = {
			isa = XCConfigurationList;
			buildConfigurations = (
				134133512ACE34F60095C055 /* Debug */,
				134133522ACE34F60095C055 /* Release */,
			);
			defaultConfigurationIsVisible = 0;
			defaultConfigurationName = Release;
		};
/* End XCConfigurationList section */
	};
	rootObject = 1341331D2ACE34F40095C055 /* Project object */;
}
